
Microsoft Visual Studio Solution File, Format Version 12.00
# Visual Studio 15
VisualStudioVersion = 15.0.27428.2037
MinimumVisualStudioVersion = 10.0.40219.1
Project("{8BC9CEB8-8B4A-11D0-8D11-00A0C91BC942}") = "lb1-1", "lb1\lb1.vcxproj", "{79C4785E-43E5-4E3E-807E-E4A51DD8BADF}"
EndProject
Project("{8BC9CEB8-8B4A-11D0-8D11-00A0C91BC942}") = "lb1-2", "lb1-2\lb1-2.vcxproj", "{0C593E90-577E-43FA-9A32-AAF5CEA401F9}"
EndProject
Project("{8BC9CEB8-8B4A-11D0-8D11-00A0C91BC942}") = "lb1-3", "lb1-3\lb1-3.vcxproj", "{987EF756-0C63-4807-8E8F-3E1DA00D3FF9}"
EndProject
Project("{8BC9CEB8-8B4A-11D0-8D11-00A0C91BC942}") = "lb1-4", "lb1-4\lb1-4.vcxproj", "{857A62E0-10C7-4D66-8FCC-9C1D2AB793DA}"
EndProject
Project("{8BC9CEB8-8B4A-11D0-8D11-00A0C91BC942}") = "lb1-6", "lb1-6\lb1-6.vcxproj", "{4B8DC81A-CFA7-41C9-88C3-745F08C678BA}"
EndProject
Project("{8BC9CEB8-8B4A-11D0-8D11-00A0C91BC942}") = "lb1-7", "lb1-7\lb1-7.vcxproj", "{0193785F-7BB4-4D00-A526-8A91D3EFDE1E}"
EndProject
Global
	GlobalSection(SolutionConfigurationPlatforms) = preSolution
		Debug|x64 = Debug|x64
		Debug|x86 = Debug|x86
		Release|x64 = Release|x64
		Release|x86 = Release|x86
	EndGlobalSection
	GlobalSection(ProjectConfigurationPlatforms) = postSolution
		{79C4785E-43E5-4E3E-807E-E4A51DD8BADF}.Debug|x64.ActiveCfg = Debug|x64
		{79C4785E-43E5-4E3E-807E-E4A51DD8BADF}.Debug|x64.Build.0 = Debug|x64
		{79C4785E-43E5-4E3E-807E-E4A51DD8BADF}.Debug|x86.ActiveCfg = Debug|Win32
		{79C4785E-43E5-4E3E-807E-E4A51DD8BADF}.Debug|x86.Build.0 = Debug|Win32
		{79C4785E-43E5-4E3E-807E-E4A51DD8BADF}.Release|x64.ActiveCfg = Release|x64
		{79C4785E-43E5-4E3E-807E-E4A51DD8BADF}.Release|x64.Build.0 = Release|x64
		{79C4785E-43E5-4E3E-807E-E4A51DD8BADF}.Release|x86.ActiveCfg = Release|Win32
		{79C4785E-43E5-4E3E-807E-E4A51DD8BADF}.Release|x86.Build.0 = Release|Win32
		{0C593E90-577E-43FA-9A32-AAF5CEA401F9}.Debug|x64.ActiveCfg = Debug|x64
		{0C593E90-577E-43FA-9A32-AAF5CEA401F9}.Debug|x64.Build.0 = Debug|x64
		{0C593E90-577E-43FA-9A32-AAF5CEA401F9}.Debug|x86.ActiveCfg = Debug|Win32
		{0C593E90-577E-43FA-9A32-AAF5CEA401F9}.Debug|x86.Build.0 = Debug|Win32
		{0C593E90-577E-43FA-9A32-AAF5CEA401F9}.Release|x64.ActiveCfg = Release|x64
		{0C593E90-577E-43FA-9A32-AAF5CEA401F9}.Release|x64.Build.0 = Release|x64
		{0C593E90-577E-43FA-9A32-AAF5CEA401F9}.Release|x86.ActiveCfg = Release|Win32
		{0C593E90-577E-43FA-9A32-AAF5CEA401F9}.Release|x86.Build.0 = Release|Win32
		{987EF756-0C63-4807-8E8F-3E1DA00D3FF9}.Debug|x64.ActiveCfg = Debug|x64
		{987EF756-0C63-4807-8E8F-3E1DA00D3FF9}.Debug|x64.Build.0 = Debug|x64
		{987EF756-0C63-4807-8E8F-3E1DA00D3FF9}.Debug|x86.ActiveCfg = Debug|Win32
		{987EF756-0C63-4807-8E8F-3E1DA00D3FF9}.Debug|x86.Build.0 = Debug|Win32
		{987EF756-0C63-4807-8E8F-3E1DA00D3FF9}.Release|x64.ActiveCfg = Release|x64
		{987EF756-0C63-4807-8E8F-3E1DA00D3FF9}.Release|x64.Build.0 = Release|x64
		{987EF756-0C63-4807-8E8F-3E1DA00D3FF9}.Release|x86.ActiveCfg = Release|Win32
		{987EF756-0C63-4807-8E8F-3E1DA00D3FF9}.Release|x86.Build.0 = Release|Win32
		{857A62E0-10C7-4D66-8FCC-9C1D2AB793DA}.Debug|x64.ActiveCfg = Debug|x64
		{857A62E0-10C7-4D66-8FCC-9C1D2AB793DA}.Debug|x64.Build.0 = Debug|x64
		{857A62E0-10C7-4D66-8FCC-9C1D2AB793DA}.Debug|x86.ActiveCfg = Debug|Win32
		{857A62E0-10C7-4D66-8FCC-9C1D2AB793DA}.Debug|x86.Build.0 = Debug|Win32
		{857A62E0-10C7-4D66-8FCC-9C1D2AB793DA}.Release|x64.ActiveCfg = Release|x64
		{857A62E0-10C7-4D66-8FCC-9C1D2AB793DA}.Release|x64.Build.0 = Release|x64
		{857A62E0-10C7-4D66-8FCC-9C1D2AB793DA}.Release|x86.ActiveCfg = Release|Win32
		{857A62E0-10C7-4D66-8FCC-9C1D2AB793DA}.Release|x86.Build.0 = Release|Win32
		{4B8DC81A-CFA7-41C9-88C3-745F08C678BA}.Debug|x64.ActiveCfg = Debug|x64
		{4B8DC81A-CFA7-41C9-88C3-745F08C678BA}.Debug|x64.Build.0 = Debug|x64
		{4B8DC81A-CFA7-41C9-88C3-745F08C678BA}.Debug|x86.ActiveCfg = Debug|Win32
		{4B8DC81A-CFA7-41C9-88C3-745F08C678BA}.Debug|x86.Build.0 = Debug|Win32
		{4B8DC81A-CFA7-41C9-88C3-745F08C678BA}.Release|x64.ActiveCfg = Release|x64
		{4B8DC81A-CFA7-41C9-88C3-745F08C678BA}.Release|x64.Build.0 = Release|x64
		{4B8DC81A-CFA7-41C9-88C3-745F08C678BA}.Release|x86.ActiveCfg = Release|Win32
		{4B8DC81A-CFA7-41C9-88C3-745F08C678BA}.Release|x86.Build.0 = Release|Win32
		{0193785F-7BB4-4D00-A526-8A91D3EFDE1E}.Debug|x64.ActiveCfg = Debug|x64
		{0193785F-7BB4-4D00-A526-8A91D3EFDE1E}.Debug|x64.Build.0 = Debug|x64
		{0193785F-7BB4-4D00-A526-8A91D3EFDE1E}.Debug|x86.ActiveCfg = Debug|Win32
		{0193785F-7BB4-4D00-A526-8A91D3EFDE1E}.Debug|x86.Build.0 = Debug|Win32
		{0193785F-7BB4-4D00-A526-8A91D3EFDE1E}.Release|x64.ActiveCfg = Release|x64
		{0193785F-7BB4-4D00-A526-8A91D3EFDE1E}.Release|x64.Build.0 = Release|x64
		{0193785F-7BB4-4D00-A526-8A91D3EFDE1E}.Release|x86.ActiveCfg = Release|Win32
		{0193785F-7BB4-4D00-A526-8A91D3EFDE1E}.Release|x86.Build.0 = Release|Win32
	EndGlobalSection
	GlobalSection(SolutionProperties) = preSolution
		HideSolutionNode = FALSE
	EndGlobalSection
	GlobalSection(ExtensibilityGlobals) = postSolution
		SolutionGuid = {3FD087B6-A554-40EB-9B2E-02EA2E9CD3F6}
	EndGlobalSection
EndGlobal
